
Microsoft Visual Studio Solution File, Format Version 12.00
# Visual Studio Version 16
VisualStudioVersion = 16.0.31313.79
MinimumVisualStudioVersion = 10.0.40219.1
Project("{9A19103F-16F7-4668-BE54-9A1E7A4F7556}") = "Bug Tracker", "Bug Tracker\Bug Tracker.csproj", "{EBA463E9-E283-48AC-B16B-5617D9E1D956}"
EndProject
Project("{FAE04EC0-301F-11D3-BF4B-00C04F79EFBC}") = "BugTrackerTests", "BugTrackerTests\BugTrackerTests.csproj", "{0BFB8DBD-620D-44C1-8A54-3A1695003C3B}"
EndProject
Global
	GlobalSection(SolutionConfigurationPlatforms) = preSolution
		Debug|Any CPU = Debug|Any CPU
		Release|Any CPU = Release|Any CPU
	EndGlobalSection
	GlobalSection(ProjectConfigurationPlatforms) = postSolution
		{EBA463E9-E283-48AC-B16B-5617D9E1D956}.Debug|Any CPU.ActiveCfg = Debug|Any CPU
		{EBA463E9-E283-48AC-B16B-5617D9E1D956}.Debug|Any CPU.Build.0 = Debug|Any CPU
		{EBA463E9-E283-48AC-B16B-5617D9E1D956}.Release|Any CPU.ActiveCfg = Release|Any CPU
		{EBA463E9-E283-48AC-B16B-5617D9E1D956}.Release|Any CPU.Build.0 = Release|Any CPU
		{0BFB8DBD-620D-44C1-8A54-3A1695003C3B}.Debug|Any CPU.ActiveCfg = Debug|Any CPU
		{0BFB8DBD-620D-44C1-8A54-3A1695003C3B}.Debug|Any CPU.Build.0 = Debug|Any CPU
		{0BFB8DBD-620D-44C1-8A54-3A1695003C3B}.Release|Any CPU.ActiveCfg = Release|Any CPU
		{0BFB8DBD-620D-44C1-8A54-3A1695003C3B}.Release|Any CPU.Build.0 = Release|Any CPU
	EndGlobalSection
	GlobalSection(SolutionProperties) = preSolution
		HideSolutionNode = FALSE
	EndGlobalSection
	GlobalSection(ExtensibilityGlobals) = postSolution
		SolutionGuid = {DFF502F4-09BB-4450-8657-5C5FEC1357B7}
	EndGlobalSection
EndGlobal
